
Microsoft Visual Studio Solution File, Format Version 12.00
# Visual Studio Version 17
VisualStudioVersion = 17.0.31903.59
MinimumVisualStudioVersion = 10.0.40219.1
Project("{2150E333-8FDC-42A3-9474-1A3956D46DE8}") = "src", "src", "{AF39A1C5-88A1-4621-95D5-6530BFB91FC5}"
EndProject
Project("{2150E333-8FDC-42A3-9474-1A3956D46DE8}") = "test", "test", "{625DE0E9-5B0C-43B9-A8C1-C18E0DDA4301}"
EndProject
Project("{2150E333-8FDC-42A3-9474-1A3956D46DE8}") = "Solution Items", "Solution Items", "{433A5151-1455-4B9E-AD76-55F5AFE22845}"
	ProjectSection(SolutionItems) = preProject
		.gitignore = .gitignore
		README.md = README.md
	EndProjectSection
EndProject
Project("{FAE04EC0-301F-11D3-BF4B-00C04F79EFBC}") = "MrJB.Solution.Common", "src\MrJB.Solution.Common\MrJB.Solution.Common.csproj", "{B2D7AC3C-2598-44EC-9FB2-A063E8369515}"
EndProject
Global
	GlobalSection(SolutionConfigurationPlatforms) = preSolution
		Debug|Any CPU = Debug|Any CPU
		Release|Any CPU = Release|Any CPU
	EndGlobalSection
	GlobalSection(ProjectConfigurationPlatforms) = postSolution
		{B2D7AC3C-2598-44EC-9FB2-A063E8369515}.Debug|Any CPU.ActiveCfg = Debug|Any CPU
		{B2D7AC3C-2598-44EC-9FB2-A063E8369515}.Debug|Any CPU.Build.0 = Debug|Any CPU
		{B2D7AC3C-2598-44EC-9FB2-A063E8369515}.Release|Any CPU.ActiveCfg = Release|Any CPU
		{B2D7AC3C-2598-44EC-9FB2-A063E8369515}.Release|Any CPU.Build.0 = Release|Any CPU
	EndGlobalSection
	GlobalSection(SolutionProperties) = preSolution
		HideSolutionNode = FALSE
	EndGlobalSection
	GlobalSection(NestedProjects) = preSolution
		{B2D7AC3C-2598-44EC-9FB2-A063E8369515} = {AF39A1C5-88A1-4621-95D5-6530BFB91FC5}
	EndGlobalSection
	GlobalSection(ExtensibilityGlobals) = postSolution
		SolutionGuid = {93EDEF38-6F95-42C4-B7D1-C1E77B2A6CBE}
	EndGlobalSection
EndGlobal
